
Microsoft Visual Studio Solution File, Format Version 12.00
# Visual Studio 2012
Project("{FAE04EC0-301F-11D3-BF4B-00C04F79EFBC}") = "FontConfigSharp", "FontConfigSharp\FontConfigSharp.csproj", "{CBBDC35F-DCA3-453C-A9E3-29EE7E43DE85}"
EndProject
Project("{FAE04EC0-301F-11D3-BF4B-00C04F79EFBC}") = "ListFontExample", "ListFontExample\ListFontExample.csproj", "{E6F92E56-F21A-4284-BDEE-759F2D3F865F}"
EndProject
Global
	GlobalSection(SolutionConfigurationPlatforms) = preSolution
		Debug|Any CPU = Debug|Any CPU
		Release|Any CPU = Release|Any CPU
	EndGlobalSection
	GlobalSection(ProjectConfigurationPlatforms) = postSolution
		{CBBDC35F-DCA3-453C-A9E3-29EE7E43DE85}.Debug|Any CPU.ActiveCfg = Debug|Any CPU
		{CBBDC35F-DCA3-453C-A9E3-29EE7E43DE85}.Debug|Any CPU.Build.0 = Debug|Any CPU
		{CBBDC35F-DCA3-453C-A9E3-29EE7E43DE85}.Release|Any CPU.ActiveCfg = Release|Any CPU
		{CBBDC35F-DCA3-453C-A9E3-29EE7E43DE85}.Release|Any CPU.Build.0 = Release|Any CPU
		{E6F92E56-F21A-4284-BDEE-759F2D3F865F}.Debug|Any CPU.ActiveCfg = Debug|Any CPU
		{E6F92E56-F21A-4284-BDEE-759F2D3F865F}.Debug|Any CPU.Build.0 = Debug|Any CPU
		{E6F92E56-F21A-4284-BDEE-759F2D3F865F}.Release|Any CPU.ActiveCfg = Release|Any CPU
		{E6F92E56-F21A-4284-BDEE-759F2D3F865F}.Release|Any CPU.Build.0 = Release|Any CPU
	EndGlobalSection
EndGlobal
